version = 1
revision = 3
requires-python = "==3.10.*"

[[package]]
name = "ai-companion"
version = "0.1.0"
source = { virtual = "." }
dependencies = [
    { name = "openai" },
    { name = "pinecone" },
    { name = "pydantic" },
    { name = "pydantic-settings" },
    { name = "python-dotenv" },
    { name = "sqlmodel" },
]

[package.metadata]
requires-dist = [
    { name = "openai", specifier = ">=3.6.0" },
    { name = "pinecone", specifier = ">=9.1.0" },
    { name = "pydantic", specifier = ">=2.13.5" },
    { name = "pydantic-settings", specifier = ">=2.15.0" },
    { name = "python-dotenv", specifier = ">=1.2.3" },
    { name = "sqlmodel", specifier = ">=0.0.42" },
]

[[package]]
name = "annotated-types"
version = "0.8.0"
source = { registry = "https://pypi.org/simple" }
sdist = { url = "https://files.pythonhosted.org/packages/5f/56/a8120250d128bed162cd73c76d45f6ef9991f3e068f62a8ee060afa3104a/annotated_types-0.8.0.tar.gz", hash = "sha256:13b2beaad985e05e2d6407ee4c4f35590b11f8d693a258a561055cac8f64cab7", size = 15893, upload-time = "2026-07-23T20:16:13.995Z" }
wheels = [
    { url = "https://files.pythonhosted.org/packages/99/91/8acff4f5e50511b911bbccb72b8628a49c68ce14148cd9f6431094859a90/annotated_types-0.8.0-py3-none-any.whl", hash = "sha256:f072f4d804ea359e4eaf198b1af7a8b0943881a87f31bb764f8bf219bb9419e0", size = 13427, upload-time = "2026-07-23T20:16:12.938Z" },
]

[[package]]
name = "anyio"
version = "4.14.2"
source = { registry = "https://pypi.org/simple" }
dependencies = [
    { name = "exceptiongroup" },
    { name = "idna" },
    { name = "typing-extensions" },
]
sdist = { url = "https://files.pythonhosted.org/packages/61/cc/a381afa6efea9f496eff839d4a6a1aed3bfafc7b3ab4b0d1b243a12573dd/anyio-4.14.2.tar.gz", hash = "sha256:cfa139f3ed1a23ee8f88a145ddb5ac7605b8bbfd8592baacd7ce3d8bb4313c7f", size = 260176, upload-time = "2026-07-12T20:29:07.082Z" }
wheels = [
    { url = "https://files.pythonhosted.org/packages/da/35/f2287558c17e29fafc8ef3daf819bb9834061cfa43bff8014f7df7f63bdc/anyio-4.14.2-py3-none-any.whl", hash = "sha256:9f505dda5ac9f0c8309b5e8bd445a8c2bf7246f3ce950121e45ea15bc41d1494", size = 125813, upload-time = "2026-07-12T20:29:05.763Z" },
]

[[package]]
name = "certifi"
version = "2026.7.22"
source = { registry = "https://pypi.org/simple" }
sdist = { url = "https://files.pythonhosted.org/packages/a3/c2/24167ea9858356b47a87a50d39908bfdb72ceeefe0041586e704e5376b3a/certifi-2026.7.22.tar.gz", hash = "sha256:741e2c3b351ddf169a738da9f2c048608ff7f2c5cc02f1ebc6b118bb090d5d55", size = 138112, upload-time = "2026-07-22T03:35:12.644Z" }
wheels = [
    { url = "https://files.pythonhosted.org/packages/0b/a7/71ac2cff56fec219ed242bb11b8efb69fcc4bec75db06fb7bfe35de520e6/certifi-2026.7.22-py3-none-any.whl", hash = "sha256:62f22742b58a1a33014a2b6b706588a8d7e2a88ae7bd1a6ebe8c992928483775", size = 136983, upload-time = "2026-07-22T03:35:11.276Z" },
]

[[package]]
name = "exceptiongroup"
version = "1.3.1"
source = { registry = "https://pypi.org/simple" }
dependencies = [
    { name = "typing-extensions" },
]
sdist = { url = "https://files.pythonhosted.org/packages/50/79/66800aadf48771f6b62f7eb014e352e5d06856655206165d775e675a02c9/exceptiongroup-1.3.1.tar.gz", hash = "sha256:8b412432c6055b0b7d14c310000ae93352ed6754f70fa8f7c34141f91c4e3219", size = 30371, upload-time = "2025-11-21T23:01:54.787Z" }
wheels = [
    { url = "https://files.pythonhosted.org/packages/8a/0e/97c33bf5009bdbac74fd2beace167cab3f978feb69cc36f1ef79360d6c4e/exceptiongroup-1.3.1-py3-none-any.whl", hash = "sha256:a7a39a3bd276781e98394987d3a5701d0c4edffb633bb7a5144577f82c773598", size = 16740, upload-time = "2025-11-21T23:01:53.443Z" },
]

[[package]]
name = "greenlet"
version = "3.5.5"
source = { registry = "https://pypi.org/simple" }
sdist = { url = "https://files.pythonhosted.org/packages/0b/d8/7cc97c142388aef03f622e001c572c4f84e9252a439549d483f555771970/greenlet-3.5.5.tar.gz", hash = "sha256:adb4bae02e91a8e863e48b177e4014bdcac8a6b5e047ea1df687a61534b85e6c", size = 207585, upload-time = "2026-08-10T15:09:36.136Z" }
wheels = [
    { url = "https://files.pythonhosted.org/packages/07/67/07ecd6d85c0f253363cbc4ac9e7dd048ca571a267fbccfea084d6009ac3b/greenlet-3.5.5-cp310-cp310-macosx_11_0_universal2.whl", hash = "sha256:816230f469381ad0a43abc9fa8dda5a699e32fb78958dde32ded93213b70a667", size = 292971, upload-time = "2026-08-10T13:28:09.837Z" },
    { url = "https://files.pythonhosted.org/packages/24/35/426733bc24247ee17bb76df90f550c299ff5f8572b2bdd7cacb5c53fd994/greenlet-3.5.5-cp310-cp310-manylinux_2_24_aarch64.manylinux_2_28_aarch64.whl", hash = "sha256:a5433cf291e0ef9114bd14d0d824db6e5e4a43033234bca48181a9597acca07b", size = 609290, upload-time = "2026-08-10T14:14:32.273Z" },
    { url = "https://files.pythonhosted.org/packages/9c/dc/17d3a5acceb2fd0bbc9682a228117b719cdfb68085e6dbb33fa325755f27/greenlet-3.5.5-cp310-cp310-manylinux_2_24_ppc64le.manylinux_2_28_ppc64le.whl", hash = "sha256:19d59f068887d8c5907fc177f27683413ace3011b6ed646c0b309266e74a6502", size = 622650, upload-time = "2026-08-10T14:27:22.004Z" },
    { url = "https://files.pythonhosted.org/packages/74/3f/b31e6bd6adb8f80492efb6a47e8f9cd0e7335db5aac2795b1876d5afcfee/greenlet-3.5.5-cp310-cp310-manylinux_2_24_s390x.manylinux_2_28_s390x.whl", hash = "sha256:86c5113d698cb8d927b2750bb1f1d59eefe3a37e0e0217491aee29a7f84ef52c", size = 629560, upload-time = "2026-08-10T14:30:04.733Z" },
    { url = "https://files.pythonhosted.org/packages/51/91/00b3c0566316c6f383ea16ee05388ec4f57f6e0afa49e72ae471eda8c47f/greenlet-3.5.5-cp310-cp310-manylinux_2_24_x86_64.manylinux_2_28_x86_64.whl", hash = "sha256:9ff00e12102358292087274dfb1669132387ff6e7920ebf9d85f4826ce0d3a56", size = 622819, upload-time = "2026-08-10T13:40:46.562Z" },
    { url = "https://files.pythonhosted.org/packages/18/5e/58c561efde575c4ca070030e2e0513e8d1b07b76d8a2d84a9bcef1becd42/greenlet-3.5.5-cp310-cp310-manylinux_2_39_riscv64.whl", hash = "sha256:c69bed34470abfcd456984fdadaa18e62169af4480335c45f3c32d1d9c12e638", size = 425489, upload-time = "2026-08-10T14:29:59.768Z" },
    { url = "https://files.pythonhosted.org/packages/3c/78/52de4f7ac9152ad1dbc8f437895c1e573d30ee1e1427e0f91a280e2417b6/greenlet-3.5.5-cp310-cp310-musllinux_1_2_aarch64.whl", hash = "sha256:523bb8e27614d77101ea7a8cf59f8d91219b72d5c29f6a038c92b50828bfa8d0", size = 1582164, upload-time = "2026-08-10T14:15:02.645Z" },
    { url = "https://files.pythonhosted.org/packages/f6/ff/c3855a00c2417e8f61c7b9f0bc4f8f599c6928f5c15681ad251e78a91e05/greenlet-3.5.5-cp310-cp310-musllinux_1_2_x86_64.whl", hash = "sha256:f1e2db190db51c17433eee424803818cf0670bf049d9cfe0dd07be111d1aa7c4", size = 1648807, upload-time = "2026-08-10T13:40:27.471Z" },
    { url = "https://files.pythonhosted.org/packages/70/21/d29ff6a79dbd1ec1fe74c155d25d4c5a85e221d6b9ffc2cc7a709e7c8c39/greenlet-3.5.5-cp310-cp310-win_amd64.whl", hash = "sha256:740e544169527b82695ce76af2f7ad6f030904658f2f3921a1d245771fb88cfc", size = 322832, upload-time = "2026-08-10T13:28:10.85Z" },
]

[[package]]
name = "h11"
version = "0.16.0"
source = { registry = "https://pypi.org/simple" }
sdist = { url = "https://files.pythonhosted.org/packages/01/ee/02a2c011bdab74c6fb3c75474d40b3052059d95df7e73351460c8588d963/h11-0.16.0.tar.gz", hash = "sha256:4e35b956cf45792e4caa5885e69fba00bdbc6ffafbfa020300e549b208ee5ff1", size = 101250, upload-time = "2025-04-24T03:35:25.427Z" }
wheels = [
    { url = "https://files.pythonhosted.org/packages/04/4b/29cac41a4d98d144bf5f6d33995617b185d14b22401f75ca86f384e87ff1/h11-0.16.0-py3-none-any.whl", hash = "sha256:63cf8bbe7522de3bf65932fda1d9c2772064ffb3dae62d55932da54b31cb6c86", size = 37515, upload-time = "2025-04-24T03:35:24.344Z" },
]

[[package]]
name = "h2"
version = "4.4.1"
source = { registry = "https://pypi.org/simple" }
dependencies = [
    { name = "hpack" },
    { name = "hyperframe" },
]
sdist = { url = "https://files.pythonhosted.org/packages/e7/85/7c366e69d84c17bb778fe41419e1fbcce3033d5b7ce29bbffff0a98b859f/h2-4.4.1.tar.gz", hash = "sha256:4e866ffb1a869ae14dd9b5e6beb5c24a13da0495ad72b65925ded182521c1516", size = 2157281, upload-time = "2026-08-03T11:45:09.509Z" }
wheels = [
    { url = "https://files.pythonhosted.org/packages/7e/22/e85faf23bd72a92d1921e37d674ca56eb298a3c8be31fdecef0ff2b3aaac/h2-4.4.1-py3-none-any.whl", hash = "sha256:0e25f1462b23c9cb82d9eb02e28bc706dac2a68cb457c6a0d74d63c8a2a5d0e6", size = 62636, upload-time = "2026-08-03T11:44:59.164Z" },
]

[[package]]
name = "hpack"
version = "4.2.0"
source = { registry = "https://pypi.org/simple" }
sdist = { url = "https://files.pythonhosted.org/packages/26/5b/fcabf6028144a8723726318b07a32c2f3314acdff6265743cf08a344b18e/hpack-4.2.0.tar.gz", hash = "sha256:0895cfa3b5531fc65fe439c05eb65144f123bf7a394fcaa56aa423548d8e45c0", size = 51300, upload-time = "2026-06-23T18:34:46.667Z" }
wheels = [
    { url = "https://files.pythonhosted.org/packages/71/b4/4a9fcfb2aef6ba44d9073ecd301443aa00b3dac95de5619f2a7de7ec8a91/hpack-4.2.0-py3-none-any.whl", hash = "sha256:858ac0b02280fa582b5080d68db0899c62a80375e0e5413a74970c5e518b6986", size = 34246, upload-time = "2026-06-23T18:34:45.472Z" },
]

[[package]]
name = "httpcore"
version = "1.0.9"
source = { registry = "https://pypi.org/simple" }
dependencies = [
    { name = "certifi" },
    { name = "h11" },
]
sdist = { url = "https://files.pythonhosted.org/packages/06/94/82699a10bca87a5556c9c59b5963f2d039dbd239f25bc2a63907a05a14cb/httpcore-1.0.9.tar.gz", hash = "sha256:6e34463af53fd2ab5d807f399a9b45ea31c3dfa2276f15a2c3f00afff6e176e8", size = 85484, upload-time = "2025-04-24T22:06:22.219Z" }
wheels = [
    { url = "https://files.pythonhosted.org/packages/7e/f5/f66802a942d491edb555dd61e3a9961140fd64c90bce1eafd741609d334d/httpcore-1.0.9-py3-none-any.whl", hash = "sha256:2d400746a40668fc9dec9810239072b40b4484b640a8c38fd654a024c7a1bf55", size = 78784, upload-time = "2025-04-24T22:06:20.566Z" },
]

[[package]]
name = "httpcore2"
version = "2.12.0"
source = { registry = "https://pypi.org/simple" }
dependencies = [
    { name = "h11" },
    { name = "truststore" },
]
sdist = { url = "https://files.pythonhosted.org/packages/be/ad/f4f0e57345f1870f3e8cb624e058d7eca6e5a27d33bcc3311d9b618734cd/httpcore2-2.12.0.tar.gz", hash = "sha256:9293522bba0aa7c4c8e9e3f040c16575bd8868e155a77fa30c7a9085a5eae648", size = 67548, upload-time = "2026-08-18T13:22:08.211Z" }
wheels = [
    { url = "https://files.pythonhosted.org/packages/d2/74/d370e55600d9bcfa0d9794b0166126d49291a3d2b20c268fc98c453a4948/httpcore2-2.12.0-py3-none-any.whl", hash = "sha256:7e04258ce01013d7d615e5b910a3b27fac937d7a95038227e79652b4ba3b4ceb", size = 83074, upload-time = "2026-08-18T13:22:05.854Z" },
]

[[package]]
name = "httpx"
version = "0.28.1"
source = { registry = "https://pypi.org/simple" }
dependencies = [
    { name = "anyio" },
    { name = "certifi" },
    { name = "httpcore" },
    { name = "idna" },
]
sdist = { url = "https://files.pythonhosted.org/packages/b1/df/48c586a5fe32a0f01324ee087459e112ebb7224f646c0b5023f5e79e9956/httpx-0.28.1.tar.gz", hash = "sha256:75e98c5f16b0f35b567856f597f06ff2270a374470a5c2392242528e3e3e42fc", size = 141406, upload-time = "2024-12-06T15:37:23.222Z" }
wheels = [
    { url = "https://files.pythonhosted.org/packages/2a/39/e50c7c3a983047577ee07d2a9e53faf5a69493943ec3f6a384bdc792deb2/httpx-0.28.1-py3-none-any.whl", hash = "sha256:d909fcccc110f8c7faf814ca82a9a4d816bc5a6dbfea25d6591d6985b8ba59ad", size = 73517, upload-time = "2024-12-06T15:37:21.509Z" },
]

[package.optional-dependencies]
http2 = [
    { name = "h2" },
]

[[package]]
name = "httpx2"
version = "2.12.0"
source = { registry = "https://pypi.org/simple" }
dependencies = [
    { name = "anyio", marker = "sys_platform != 'emscripten'" },
    { name = "httpcore2", marker = "sys_platform != 'emscripten'" },
    { name = "idna" },
    { name = "truststore", marker = "sys_platform != 'emscripten'" },
    { name = "typing-extensions" },
]
sdist = { url = "https://files.pythonhosted.org/packages/7f/f8/579a8b51e42e38ee32647df9f08aa25643ae788e275cc625b199829c4671/httpx2-2.12.0.tar.gz", hash = "sha256:7631fe9887a8a2275f4a2540e053aa670fcc50742864a9ae7c66e609fdcf12cf", size = 100040, upload-time = "2026-08-18T13:22:09.086Z" }
wheels = [
    { url = "https://files.pythonhosted.org/packages/c8/95/411ba65569158e862368917aaf56597f3e5fa3b91b0502919638465a08f3/httpx2-2.12.0-py3-none-any.whl", hash = "sha256:cc8b6eecb8661c146b8f89a60e97456ee086e91a784ed31ac450c3a9e613dd36", size = 95427, upload-time = "2026-08-18T13:22:06.834Z" },
]

[[package]]
name = "hyperframe"
version = "6.1.0"
source = { registry = "https://pypi.org/simple" }
sdist = { url = "https://files.pythonhosted.org/packages/02/e7/94f8232d4a74cc99514c13a9f995811485a6903d48e5d952771ef6322e30/hyperframe-6.1.0.tar.gz", hash = "sha256:f630908a00854a7adeabd6382b43923a4c4cd4b821fcb527e6ab9e15382a3b08", size = 26566, upload-time = "2025-01-22T21:41:49.302Z" }
wheels = [
    { url = "https://files.pythonhosted.org/packages/48/30/47d0bf6072f7252e6521f3447ccfa40b421b6824517f82854703d0f5a98b/hyperframe-6.1.0-py3-none-any.whl", hash = "sha256:b03380493a519fce58ea5af42e4a42317bf9bd425596f7a0835ffce80f1a42e5", size = 13007, upload-time = "2025-01-22T21:41:47.295Z" },
]

[[package]]
name = "idna"
version = "3.19"
source = { registry = "https://pypi.org/simple" }
sdist = { url = "https://files.pythonhosted.org/packages/5f/f7/abb373e5757eaec4b922b92f97ec8d6d7e057cf06778247604fbc4e7c3f3/idna-3.19.tar.gz", hash = "sha256:5e0811a4383b21dc5838069f801c4fb62113b7447663d2530d2bd6e77b49bf15", size = 215237, upload-time = "2026-08-18T05:14:24.27Z" }
wheels = [
    { url = "https://files.pythonhosted.org/packages/57/b0/0e52c878c53f245edd3a11020f20979b3f490f245af532c7cae3027754b5/idna-3.19-py3-none-any.whl", hash = "sha256:815e7be7a7806d54abb586dc943addc79e8b2ee16915059658cbeff4b1b43bf4", size = 68550, upload-time = "2026-08-18T05:14:22.343Z" },
]

[[package]]
name = "jiter"
version = "0.16.0"
source = { registry = "https://pypi.org/simple" }
sdist = { url = "https://files.pythonhosted.org/packages/1d/1f/10936e16d8860c70698a1aa939a46aa0224813b782bce4e000e637da0b2d/jiter-0.16.0.tar.gz", hash = "sha256:7b24c3492c5f4f84a37946ad9cf504910cf6a782d6a4e0689b6673c5894b4a1c", size = 176431, upload-time = "2026-06-29T13:05:13.657Z" }
wheels = [
    { url = "https://files.pythonhosted.org/packages/76/d8/b959609e44012a42b1f3e5ba98ea3b33c7e41e6d4b77cd8f00fd19b1d3ad/jiter-0.16.0-cp310-cp310-macosx_10_12_x86_64.whl", hash = "sha256:c5fc4f8def331036a7b8e981b4347ebe409981edbc8308a5ea842b8c3614fa6c", size = 310082, upload-time = "2026-06-29T13:02:31.356Z" },
    { url = "https://files.pythonhosted.org/packages/c6/3d/4d7f5667ea0e0548534ba880b84bb3d12924fd133aa83ad6c6c80fca3d76/jiter-0.16.0-cp310-cp310-macosx_11_0_arm64.whl", hash = "sha256:5a71d0d2014c3275043e1170bf3d4e771493cb0dcf07be54c567155f4d8ee64b", size = 315643, upload-time = "2026-06-29T13:02:33.204Z" },
    { url = "https://files.pythonhosted.org/packages/9b/83/bed2dcb5c9f3e1ccfcbc67dda48265fe7d5ad0c9cadda5fe95f6e3b87f94/jiter-0.16.0-cp310-cp310-manylinux_2_17_aarch64.manylinux2014_aarch64.whl", hash = "sha256:741eed508c233a76313a1c7b001f8f21b82f14327e9196ae8bd29a2cc164ae84", size = 341363, upload-time = "2026-06-29T13:02:34.853Z" },
    { url = "https://files.pythonhosted.org/packages/f4/2f/6bb3c3dda668ebc0445689c81a2b0f26a82b10843d67ed9c9b2c3edc177f/jiter-0.16.0-cp310-cp310-manylinux_2_17_armv7l.manylinux2014_armv7l.whl", hash = "sha256:3fb7bc819187b56dc48aa5c833aaf92257da8e07efdb9306156667bd2eeb491c", size = 365483, upload-time = "2026-06-29T13:02:36.295Z" },
    { url = "https://files.pythonhosted.org/packages/92/35/8a045ccb39164e70dcdae696413b661771f148b68b12b175c3a04d901937/jiter-0.16.0-cp310-cp310-manylinux_2_17_ppc64le.manylinux2014_ppc64le.whl", hash = "sha256:7c9610fd25ebccb43fca584136f5c2fbb26802447eccd430dfdbab95a0fd5126", size = 461219, upload-time = "2026-06-29T13:02:38.116Z" },
    { url = "https://files.pythonhosted.org/packages/e7/99/22292dbbf0ed0c610cfe5ddc7f3bd67237a412f121318f865196e62a07bd/jiter-0.16.0-cp310-cp310-manylinux_2_17_s390x.manylinux2014_s390x.whl", hash = "sha256:4a1d68ff7ca1d3b5dee20a97a3decda7d5f15003823bf6d140c81f8561d3bc5c", size = 374905, upload-time = "2026-06-29T13:02:40.357Z" },
    { url = "https://files.pythonhosted.org/packages/29/ac/2f55ccb1f0eeafa6d89d24caf52f6f0944a59290ee199e9ade62177dca42/jiter-0.16.0-cp310-cp310-manylinux_2_17_x86_64.manylinux2014_x86_64.whl", hash = "sha256:fb08c276dd02dac3a284acdd02cacc630d2e3cd6572a4b85519f35cbd133c3de", size = 348320, upload-time = "2026-06-29T13:02:41.923Z" },
    { url = "https://files.pythonhosted.org/packages/50/e3/7d88b9174c40064fabc07c84a9b62e6b10f5644562ec0e0a29392edbe978/jiter-0.16.0-cp310-cp310-manylinux_2_31_riscv64.whl", hash = "sha256:8fc4d94713c4697347e38faf7d6ef91547c142219bdcfc7220c4870879974244", size = 356519, upload-time = "2026-06-29T13:02:43.436Z" },
    { url = "https://files.pythonhosted.org/packages/27/57/c4a33aeef513a9d5e26e31534e0bcc752d6ea0e54c94ddb7b68bade669c2/jiter-0.16.0-cp310-cp310-manylinux_2_5_i686.manylinux1_i686.whl", hash = "sha256:1a0f05e229edb29e68cdd0ccb83cea13b64263416120cf943767a6fd72e6787f", size = 394204, upload-time = "2026-06-29T13:02:44.987Z" },
    { url = "https://files.pythonhosted.org/packages/9d/70/c6c23e76ebb3766b111bc399437bbc9f870a76e2a92e10b2a5f561d57372/jiter-0.16.0-cp310-cp310-musllinux_1_1_aarch64.whl", hash = "sha256:2c842cbf374a8daf50b2c04212995bee34ca2ac2cdc29a901b4cdb072c9c4131", size = 521477, upload-time = "2026-06-29T13:02:46.724Z" },
    { url = "https://files.pythonhosted.org/packages/2a/d3/0001c8c0c5976af2625bb1cfb1895e8ec693b6589fe4574b8e6fc2c85501/jiter-0.16.0-cp310-cp310-musllinux_1_1_x86_64.whl", hash = "sha256:5ed466aee31294d7cdcd4d37dfe5c42c97bc29d9a5f00eacf24504358309cb9b", size = 552187, upload-time = "2026-06-29T13:02:48.144Z" },
    { url = "https://files.pythonhosted.org/packages/f6/76/311b718e07e85740e48619c0632b36f7e0b8d113984499e436452ed13a9a/jiter-0.16.0-cp310-cp310-win32.whl", hash = "sha256:b42e9ff5376819c053da25809a8d4b6fa6e473b4856ebe42e298ac958be3d7f9", size = 206513, upload-time = "2026-06-29T13:02:49.515Z" },
    { url = "https://files.pythonhosted.org/packages/db/7f/ac680eeb0777dc0eb7dc824800ba27880d7f6bc712e362d34ad8ee559f36/jiter-0.16.0-cp310-cp310-win_amd64.whl", hash = "sha256:10438939205546132189c8e74a2d536a707841f3a25cd7c74ee91fe503407a26", size = 199505, upload-time = "2026-06-29T13:02:50.829Z" },
]

[[package]]
name = "msgspec"
version = "0.21.1"
source = { registry = "https://pypi.org/simple" }
sdist = { url = "https://files.pythonhosted.org/packages/e3/60/f79b9b013a16fa3a58350c9295ddc6789f2e335f36ea61ed10a21b215364/msgspec-0.21.1.tar.gz", hash = "sha256:2313508e394b0d208f8f56892ca9b2799e2561329de9763b19619595a6c0f72c", size = 319193, upload-time = "2026-04-12T21:44:50.394Z" }
wheels = [
    { url = "https://files.pythonhosted.org/packages/96/38/d591d9f66d43d897ecbd249f2833665823d19c8b043f16619bc8343e23df/msgspec-0.21.1-cp310-cp310-macosx_10_9_x86_64.whl", hash = "sha256:72d9cd03241b8b2edb2e12dcc66c500fa480d8cbd71a8bac105809d468882064", size = 195172, upload-time = "2026-04-12T21:43:45.062Z" },
    { url = "https://files.pythonhosted.org/packages/69/1a/6899188b5982ec1324e0c629b7801eed2db987f6634fab58abd9fc82d317/msgspec-0.21.1-cp310-cp310-macosx_11_0_arm64.whl", hash = "sha256:ed2ab278200e743a1d2610a4e0c8fc74f6cecb8548544cdec43f927bd9265238", size = 188316, upload-time = "2026-04-12T21:43:46.641Z" },
    { url = "https://files.pythonhosted.org/packages/9e/95/7e591b4fa11fdbbf9891164473c23420a8c781ef553295abe416bf335f42/msgspec-0.21.1-cp310-cp310-manylinux2014_aarch64.manylinux_2_17_aarch64.manylinux_2_28_aarch64.whl", hash = "sha256:dd677e3001fdfed9186de72eab434da2976303cd5eb9550921d3d0c3e3e168ce", size = 216565, upload-time = "2026-04-12T21:43:48.081Z" },
    { url = "https://files.pythonhosted.org/packages/19/86/714feeaf3b84cf2027235681725593840153dedd2868578f9f2715e296bb/msgspec-0.21.1-cp310-cp310-manylinux2014_x86_64.manylinux_2_17_x86_64.manylinux_2_28_x86_64.whl", hash = "sha256:f667b90b37fad734a91671abd68e0d7f4d066862771b87e91c53996dcb7a9027", size = 222689, upload-time = "2026-04-12T21:43:49.385Z" },
    { url = "https://files.pythonhosted.org/packages/7d/b9/4384243e814f2579e5205e17d170b9c1a30121afd1393298d904817a7fa7/msgspec-0.21.1-cp310-cp310-musllinux_1_2_aarch64.whl", hash = "sha256:49880fd20fdbcfe1b793f07dd83f12572bab679c9800352c8b2240289aa46a06", size = 222343, upload-time = "2026-04-12T21:43:50.612Z" },
    { url = "https://files.pythonhosted.org/packages/04/01/4b227d9c4057346271043632bad41979cf8c3dca372e41bb1f7d546395b2/msgspec-0.21.1-cp310-cp310-musllinux_1_2_x86_64.whl", hash = "sha256:ae0162e22849a5e91eaad907766525107523b0daea3df267a9fcb5ba4e0936ae", size = 225607, upload-time = "2026-04-12T21:43:52.129Z" },
    { url = "https://files.pythonhosted.org/packages/c1/ce/27021d1c3e5da837743092a7b7a5e8818397e1f4c05ee8b068bd7d1fd78a/msgspec-0.21.1-cp310-cp310-win_amd64.whl", hash = "sha256:f041a2279f31e3a53319005e4d60ba77c085cfcbe394cdc7ce803c2d01fe9449", size = 188392, upload-time = "2026-04-12T21:43:53.384Z" },
    { url = "https://files.pythonhosted.org/packages/80/2b/daf7a8d6d7cf00e0dcd0439178b284ade701234abdcadf3385601da04fbd/msgspec-0.21.1-cp310-cp310-win_arm64.whl", hash = "sha256:1bf17cbd7b28a5dffc7e764c654eed8ccde5e0f1de7970628608304640d4ce4e", size = 174191, upload-time = "2026-04-12T21:43:54.6Z" },
]

[[package]]
name = "openai"
version = "3.6.0"
source = { registry = "https://pypi.org/simple" }
dependencies = [
    { name = "anyio" },
    { name = "httpx2" },
    { name = "jiter" },
    { name = "pydantic" },
    { name = "sniffio" },
    { name = "typing-extensions" },
]
sdist = { url = "https://files.pythonhosted.org/packages/ac/76/913b755a1a6b54e2d9140eb8d488aa0d47c7359b1d7eac5e864cb7913bbf/openai-3.6.0.tar.gz", hash = "sha256:18fe3f6e96390ef41ee27b152fc9effefca321c33673bd9b956a572493d3ab9b", size = 1455376, upload-time = "2026-08-28T22:29:18.268Z" }
wheels = [
    { url = "https://files.pythonhosted.org/packages/a1/94/805b87ecc951c49ec8f247f5e8eb324ab064bd2ad73b6a0e704dd49aa073/openai-3.6.0-py3-none-any.whl", hash = "sha256:508e2158bf971687f953b62e44b02f207792c815aac306816386d7ba34d37f5f", size = 1699841, upload-time = "2026-08-28T22:29:16.436Z" },
]

[[package]]
name = "orjson"
version = "3.12.0"
source = { registry = "https://pypi.org/simple" }
sdist = { url = "https://files.pythonhosted.org/packages/0f/f3/742fb1f62b825f2c010697eaf4e828004bc2a81e7e806666989c132c7c42/orjson-3.12.0.tar.gz", hash = "sha256:d14203fb1aae2ad9b3d52f8a0e82aeb10197ef1c9bc61da7f358bd70b00123d5", size = 4142915, upload-time = "2026-08-14T16:13:30.607Z" }
wheels = [
    { url = "https://files.pythonhosted.org/packages/cf/35/819eeb4fa8ee676d38fdbb8213a76fd496f7dbbfdfafa89d34e02b22dfac/orjson-3.12.0-cp310-cp310-macosx_10_15_x86_64.macosx_11_0_arm64.macosx_10_15_universal2.whl", hash = "sha256:747843254519dd43b93eee3153a19e5a509334320c4d2f823ec879232db5c796", size = 224133, upload-time = "2026-08-14T16:12:00.607Z" },
    { url = "https://files.pythonhosted.org/packages/58/ab/d9221d4a2b085b073fcddc91728d490f20b9cf010c62c2f42371ab997695/orjson-3.12.0-cp310-cp310-manylinux2014_armv7l.manylinux_2_17_armv7l.whl", hash = "sha256:7c2ad193c8004254f34b499f3bd2c80f043d10754aff2b38f93da574f4883f98", size = 113669, upload-time = "2026-08-14T16:12:02.126Z" },
    { url = "https://files.pythonhosted.org/packages/15/12/644cbbcabb26df61d9ef0c66e6f2bf8b687cc7b66137597f2858951f1952/orjson-3.12.0-cp310-cp310-manylinux2014_i686.manylinux_2_17_i686.whl", hash = "sha256:bc7a872f03522d90e0429e6c0c5cd23084f767bedcb4c58048eec19294613344", size = 130410, upload-time = "2026-08-14T16:12:03.503Z" },
    { url = "https://files.pythonhosted.org/packages/14/6d/e3a8c34d687895aecd8b267a01c46106eb98d8424a83bfa7bacb723854f6/orjson-3.12.0-cp310-cp310-manylinux_2_17_aarch64.manylinux2014_aarch64.whl", hash = "sha256:18a87929f31d94a77f7dc93cf527e91f39ce7fe7813d588a4de2507efd32a387", size = 131101, upload-time = "2026-08-14T16:12:04.918Z" },
    { url = "https://files.pythonhosted.org/packages/75/20/930824c07685c22af23f26818ed3853b0270488a412b6ab757904b7f787b/orjson-3.12.0-cp310-cp310-manylinux_2_17_x86_64.manylinux2014_x86_64.whl", hash = "sha256:e9683ee9ea0659da64f36574ef675b8a86330c34c19ea75db1fb93c3ff99e0ef", size = 131479, upload-time = "2026-08-14T16:12:06.11Z" },
    { url = "https://files.pythonhosted.org/packages/4c/a6/22e863bbbe8917aa292e33e0db597000f9a07eb5e6f52efed623fa16bae1/orjson-3.12.0-cp310-cp310-musllinux_1_2_aarch64.whl", hash = "sha256:103b5db66aa53c1f9e88c2524be4f383e831ba7dfd5f9f5af6336a177c622f11", size = 135865, upload-time = "2026-08-14T16:12:07.392Z" },
    { url = "https://files.pythonhosted.org/packages/50/a0/ceb5008914a65e9a19a46a09d94bc67a74d120209fdfa772750023ceb377/orjson-3.12.0-cp310-cp310-musllinux_1_2_x86_64.whl", hash = "sha256:bd57d79aefa3f84eec851d6de7a366795b9345cfaf17f82b4820430a7a5fa241", size = 127843, upload-time = "2026-08-14T16:12:08.607Z" },
    { url = "https://files.pythonhosted.org/packages/12/3d/61c6b3b84c250cb09cb7229701ff77e4d763773ad7f577d0b6abf2892664/orjson-3.12.0-cp310-cp310-win32.whl", hash = "sha256:3dbce9b6b3074b31a5d5dd322a9c4e5b16f206091ece4194c2e36952847a105e", size = 128293, upload-time = "2026-08-14T16:12:09.819Z" },
    { url = "https://files.pythonhosted.org/packages/ce/0e/ea0f4a563253b6363195a4f704123c6bfbf156641bd3be5a75de81c5e917/orjson-3.12.0-cp310-cp310-win_amd64.whl", hash = "sha256:3bb17a06f9bd15237b3216c044209fe92597379124018cfc196fbb846cde64df", size = 122216, upload-time = "2026-08-14T16:12:11.261Z" },
]

[[package]]
name = "pinecone"
version = "9.1.0"
source = { registry = "https://pypi.org/simple" }
dependencies = [
    { name = "httpx", extra = ["http2"] },
    { name = "msgspec" },
    { name = "orjson" },
]
sdist = { url = "https://files.pythonhosted.org/packages/f7/f7/3e0226172561149c7ae5eb08c2168eef7634bf117b017dd03b404b385235/pinecone-9.1.0.tar.gz", hash = "sha256:d53fe6f4978ab0642eb2d3a0ee3b2576ccfeebaa11e0690b18e67dac4e057047", size = 282104, upload-time = "2026-06-03T20:29:07.787Z" }
wheels = [
    { url = "https://files.pythonhosted.org/packages/3c/ff/fc321e1eeca5c71394577022758962c40abc4be161070cc4c0587a7930fa/pinecone-9.1.0-cp310-abi3-macosx_10_12_x86_64.whl", hash = "sha256:d3871bd3f39cb430ae8470158dc9c5dcffbac5ae31d144d9a7c3b351ac51755f", size = 2817159, upload-time = "2026-06-03T20:28:56.87Z" },
    { url = "https://files.pythonhosted.org/packages/d7/8f/29c8bb484bfb4e7409bf33caba6dce63436698a2b56cf2a82fde994dd59a/pinecone-9.1.0-cp310-abi3-macosx_11_0_arm64.whl", hash = "sha256:e930ba819f5b7e20aac688d04c840a8b6fbc6d12630d71303bb2130881a9d169", size = 2778696, upload-time = "2026-06-03T20:28:58.599Z" },
    { url = "https://files.pythonhosted.org/packages/1c/77/ba204cda329ab8046291f7305177a8aa7dcabf6e337183b8af093dd02de4/pinecone-9.1.0-cp310-abi3-manylinux_2_17_aarch64.manylinux2014_aarch64.whl", hash = "sha256:461632bb07919da32b943100b8a047c74be53a6aa15c8b7679bff7a0f834c939", size = 3046866, upload-time = "2026-06-03T20:29:00.003Z" },
    { url = "https://files.pythonhosted.org/packages/5e/d9/a90614e7501b05fddc5a483054df1f1e76fb272fe431f0c7fc17678e2c37/pinecone-9.1.0-cp310-abi3-manylinux_2_17_x86_64.manylinux2014_x86_64.whl", hash = "sha256:fc71ec431108de2df1a1978d3a24ac16f74ba3d8f3265c3760f969386e8742b8", size = 3018380, upload-time = "2026-06-03T20:29:01.635Z" },
    { url = "https://files.pythonhosted.org/packages/4f/2b/0e4f26cdd3051b8bfae158a410ae6242b3b92d21f221072f88dc84ba8cdc/pinecone-9.1.0-cp310-abi3-musllinux_1_2_aarch64.whl", hash = "sha256:fe6aeaf6515e9021984755ebc162f643c79d98056059aab2e765962a7538818c", size = 3225303, upload-time = "2026-06-03T20:29:03.267Z" },
    { url = "https://files.pythonhosted.org/packages/bc/de/0a4e4ca28ff305625710288d224600026fe79657e278f9c137368ccdee65/pinecone-9.1.0-cp310-abi3-musllinux_1_2_x86_64.whl", hash = "sha256:6c3a6dfa577dc11aed3197e1b221e65522603e9e1f6bd27a1b504a0909b3559f", size = 3262253, upload-time = "2026-06-03T20:29:04.831Z" },
    { url = "https://files.pythonhosted.org/packages/c5/e8/4f4e6570650904ff71383b404e667382c92d54b31c5f56a4f037cc17c57f/pinecone-9.1.0-cp310-abi3-win_amd64.whl", hash = "sha256:ffae8fb7cbb4056b920586629f15b08107350be4802a5637d10b31e2ad841f9c", size = 2606171, upload-time = "2026-06-03T20:29:06.399Z" },
]

[[package]]
name = "pydantic"
version = "2.13.5"
source = { registry = "https://pypi.org/simple" }
dependencies = [
    { name = "annotated-types" },
    { name = "pydantic-core" },
    { name = "typing-extensions" },
    { name = "typing-inspection" },
]
sdist = { url = "https://files.pythonhosted.org/packages/53/ef/fc4f868f4e2cee79f863883abffceff107875f569b848507319842d2a681/pydantic-2.13.5.tar.gz", hash = "sha256:51a9c5f7b2f8e636f04c6cada605d9b6a3bf1348fdf945a3d8869b19bba0ee08", size = 845750, upload-time = "2026-08-28T14:04:00.916Z" }
wheels = [
    { url = "https://files.pythonhosted.org/packages/eb/47/c95ffc2009878c7aac0c5e08528022dcb885933252a88b5f170058014464/pydantic-2.13.5-py3-none-any.whl", hash = "sha256:346a034f080da3755d8e9cb5e00e8b07de1d39e4f6e2c87d8ab7cafa0b269a73", size = 472589, upload-time = "2026-08-28T14:03:59.136Z" },
]

[[package]]
name = "pydantic-core"
version = "2.46.5"
source = { registry = "https://pypi.org/simple" }
dependencies = [
    { name = "typing-extensions" },
]
sdist = { url = "https://files.pythonhosted.org/packages/af/f9/8a06bea35ef8daf588f707784c973a7046e0034c8d8cfb08828eeffb8b75/pydantic_core-2.46.5.tar.gz", hash = "sha256:10416c15b8839ecc4ef4d0885da76da6fd0f67333a0eb8aff6d93c4b8f2910fc", size = 472262, upload-time = "2026-08-28T10:01:31.677Z" }
wheels = [
    { url = "https://files.pythonhosted.org/packages/74/6b/8f79692844269427abb3e4dd9e68edfcbe65ae25527d99183214de716c59/pydantic_core-2.46.5-cp310-cp310-macosx_10_12_x86_64.whl", hash = "sha256:657b40d6240c0a7b6a64b30f22d1e3aa631c7e846c621b0c0f6d1d75e2e15ea6", size = 2076533, upload-time = "2026-08-28T09:57:35.421Z" },
    { url = "https://files.pythonhosted.org/packages/bd/d0/c787604c71c2bdcda1a5656942fc822cd0f9cd879b9484bb84fc42172703/pydantic_core-2.46.5-cp310-cp310-macosx_11_0_arm64.whl", hash = "sha256:ecb42011e12ee19cafbc312887cbf3546959fe02fbad44f272d4be5baa997615", size = 1924650, upload-time = "2026-08-28T09:57:37.944Z" },
    { url = "https://files.pythonhosted.org/packages/4a/77/ca2f8e997d9bfdb32205297aff38f210f398822d895b1af1b59fd9df9c13/pydantic_core-2.46.5-cp310-cp310-manylinux_2_17_aarch64.manylinux2014_aarch64.whl", hash = "sha256:4dedce55295becb61921e386b99d4f2706045306e7fa52249a33004c837379fb", size = 1951261, upload-time = "2026-08-28T09:57:39.339Z" },
    { url = "https://files.pythonhosted.org/packages/a0/53/bd12e1a9255df4edee00353778e2614b5346265d51e1567ab72153e803a2/pydantic_core-2.46.5-cp310-cp310-manylinux_2_17_armv7l.manylinux2014_armv7l.whl", hash = "sha256:9f47b8a949e60f027f0aa0a6f6c7b7e9c55cbf4380d10b344e282fa4e7ab1e1b", size = 2021808, upload-time = "2026-08-28T09:57:40.69Z" },
    { url = "https://files.pythonhosted.org/packages/d7/41/f7f312751ebc6d6767da91964a9c7954c18e226a1720ab234e3dfb9d6c17/pydantic_core-2.46.5-cp310-cp310-manylinux_2_17_ppc64le.manylinux2014_ppc64le.whl", hash = "sha256:200aa3dc9f8d54f0754f43247c0bad0999fdcfbfd2488384dd44f37279271fe6", size = 2196184, upload-time = "2026-08-28T09:57:42.275Z" },
    { url = "https://files.pythonhosted.org/packages/3d/93/ce93aa030ab6bac4683ba8861e7baad89dd24b02e66b8801a0e4f6a00311/pydantic_core-2.46.5-cp310-cp310-manylinux_2_17_s390x.manylinux2014_s390x.whl", hash = "sha256:6d30e1a4f138b8951063e9a394752a9179b51da288ffa507b1e659222f4c1793", size = 2238212, upload-time = "2026-08-28T09:57:44.122Z" },
    { url = "https://files.pythonhosted.org/packages/34/a1/c8e6b66f499f510752c07a092dfe27621f9c255635e59d38704b5681c35a/pydantic_core-2.46.5-cp310-cp310-manylinux_2_17_x86_64.manylinux2014_x86_64.whl", hash = "sha256:850a08d167dde16db8702c274f320c7be9d7da6f6dff2b58b18f9e815bd94f5b", size = 2064073, upload-time = "2026-08-28T09:57:45.613Z" },
    { url = "https://files.pythonhosted.org/packages/5c/fa/605e2b127ee30dbf4b1da9da4843587cf2b2d16486c241cc7a5be2d2c1bd/pydantic_core-2.46.5-cp310-cp310-manylinux_2_31_riscv64.whl", hash = "sha256:c3471e5c4a949c26ec00a77f01df59096aa9495877de76fd60a980f8ee6be461", size = 2093102, upload-time = "2026-08-28T09:57:46.953Z" },
    { url = "https://files.pythonhosted.org/packages/4a/f7/1ab28093c09032ddce7c92c7a55d503b6ecd70f42c32492946c1cb5477b1/pydantic_core-2.46.5-cp310-cp310-manylinux_2_5_i686.manylinux1_i686.whl", hash = "sha256:3a3e26b6a8274211bddee2d0e4d0d42778f17a34510f49d2ec44b58abfc41736", size = 2133452, upload-time = "2026-08-28T09:57:48.362Z" },
    { url = "https://files.pythonhosted.org/packages/30/c8/47c79b756f12f85e8b0fbdb2b495f6b6eb32e6c98a4beae7a570a0b7c63c/pydantic_core-2.46.5-cp310-cp310-musllinux_1_1_aarch64.whl", hash = "sha256:fc5d783bd4a2387e97b8a2d5ec781cfb92b3d893bf82370548e99db5915935d3", size = 2146477, upload-time = "2026-08-28T09:57:49.74Z" },
    { url = "https://files.pythonhosted.org/packages/13/5c/79fc00cb8f651d6061991de8d7cedf1c78c73cbd4862c42ef418f03b8bfa/pydantic_core-2.46.5-cp310-cp310-musllinux_1_1_armv7l.whl", hash = "sha256:356c8368cbc321050b169595683a2e1d63413b1e0e2868b330af9fc14c616d3f", size = 2300832, upload-time = "2026-08-28T09:57:51.639Z" },
    { url = "https://files.pythonhosted.org/packages/b4/72/dd1a29853cf6d22a1ebd9e3baf0239cbc57d2d16caff36a89e38eb9b1db3/pydantic_core-2.46.5-cp310-cp310-musllinux_1_1_x86_64.whl", hash = "sha256:eb7d8d0e5886a89a55d2eef490e272fa965a9d57c6b29a5b5088a7997ec2cad1", size = 2320505, upload-time = "2026-08-28T09:57:53.236Z" },
    { url = "https://files.pythonhosted.org/packages/ec/d1/ba4a8e06a9ddad0b4caf69cfaeecc0fbfcec20473bd808f5127fd16491c4/pydantic_core-2.46.5-cp310-cp310-win32.whl", hash = "sha256:4d44cf99ddebf875f9b68cc267aa684c99b7b44fe63ee1cac4ec163807290069", size = 1956853, upload-time = "2026-08-28T09:57:54.592Z" },
    { url = "https://files.pythonhosted.org/packages/f2/94/205ed9d7ddaf44acd489889708ea124a3f41bdb42c141c8684d528ad0e7a/pydantic_core-2.46.5-cp310-cp310-win_amd64.whl", hash = "sha256:1e5aad1220a1192c42341c8fd4a8686657e73ab2a920c970bdc4de334fe3193d", size = 2042551, upload-time = "2026-08-28T09:57:56.017Z" },
]

[[package]]
name = "pydantic-settings"
version = "2.15.0"
source = { registry = "https://pypi.org/simple" }
dependencies = [
    { name = "pydantic" },
    { name = "python-dotenv" },
    { name = "typing-inspection" },
]
sdist = { url = "https://files.pythonhosted.org/packages/68/ca/31c57507b13119d7d3cfa1576dad2911a4861e3be07b579395f4e9d393f9/pydantic_settings-2.15.0.tar.gz", hash = "sha256:694b793e84f766ba76a90ebdefc01d0a9a045dab0382bee70393da93712ad117", size = 261253, upload-time = "2026-08-07T09:24:57.419Z" }
wheels = [
    { url = "https://files.pythonhosted.org/packages/30/a4/2bffa9f8e804325a09867f0e9d30795c80ea9f8d62560bd1b6ad6220eb2f/pydantic_settings-2.15.0-py3-none-any.whl", hash = "sha256:0ba092c291c94baceb5eff768aa0d56400a457585bc0175925a5a5510303da42", size = 69413, upload-time = "2026-08-07T09:24:55.839Z" },
]

[[package]]
name = "python-dotenv"
version = "1.2.3"
source = { registry = "https://pypi.org/simple" }
sdist = { url = "https://files.pythonhosted.org/packages/6a/53/ed9d74092561d4b01a2ef1349d52cdbc135e526c245f366b089cfca6de49/python_dotenv-1.2.3.tar.gz", hash = "sha256:a20a594dabeaa385725aa239d5244871c143ecb356add8a20fcf23773a6c3a35", size = 58945, upload-time = "2026-08-16T16:54:54.067Z" }
wheels = [
    { url = "https://files.pythonhosted.org/packages/0d/17/c5c6b53ddc18f297992099b3d9ec16c855c0ccc83263a21fe4d1c625ec6c/python_dotenv-1.2.3-py3-none-any.whl", hash = "sha256:904552145e8bfed22162c09dab1c2b9b54fefa7b23ba780f4f26ca0316b0f0d9", size = 22780, upload-time = "2026-08-16T16:54:52.473Z" },
]

[[package]]
name = "sniffio"
version = "1.3.1"
source = { registry = "https://pypi.org/simple" }
sdist = { url = "https://files.pythonhosted.org/packages/a2/87/a6771e1546d97e7e041b6ae58d80074f81b7d5121207425c964ddf5cfdbd/sniffio-1.3.1.tar.gz", hash = "sha256:f4324edc670a0f49750a81b895f35c3adb843cca46f0530f79fc1babb23789dc", size = 20372, upload-time = "2024-02-25T23:20:04.057Z" }
wheels = [
    { url = "https://files.pythonhosted.org/packages/e9/44/75a9c9421471a6c4805dbf2356f7c181a29c1879239abab1ea2cc8f38b40/sniffio-1.3.1-py3-none-any.whl", hash = "sha256:2f6da418d1f1e0fddd844478f41680e794e6051915791a034ff65e5f100525a2", size = 10235, upload-time = "2024-02-25T23:20:01.196Z" },
]

[[package]]
name = "sqlalchemy"
version = "2.0.52"
source = { registry = "https://pypi.org/simple" }
dependencies = [
    { name = "greenlet", marker = "platform_machine == 'AMD64' or platform_machine == 'WIN32' or platform_machine == 'aarch64' or platform_machine == 'amd64' or platform_machine == 'ppc64le' or platform_machine == 'win32' or platform_machine == 'x86_64'" },
    { name = "typing-extensions" },
]
sdist = { url = "https://files.pythonhosted.org/packages/3b/21/77b4c147963073040dc3c3a5cb7a8c3001a1893c0209432cb77f9df836aa/sqlalchemy-2.0.52.tar.gz", hash = "sha256:5e2d46356ac2ccb7d268ab6c2319ac6a2b42f1b8d5fd8bd3d46855cd82abee97", size = 9945637, upload-time = "2026-08-11T19:07:09.829Z" }
wheels = [
    { url = "https://files.pythonhosted.org/packages/a6/d7/e0354e7334d33ea2795db3ecbe2977026c05a1ecf8ba4b5953c329872453/sqlalchemy-2.0.52-cp310-cp310-macosx_11_0_arm64.whl", hash = "sha256:a7438774e1091192fc50a2bd8ceff5c596912d00ecd46587e88effdea7826101", size = 2172616, upload-time = "2026-08-11T20:58:21.078Z" },
    { url = "https://files.pythonhosted.org/packages/5b/64/98eef682e6946eb1b4195a9a2393db4662ebfcc89f823ae78b938765c3c0/sqlalchemy-2.0.52-cp310-cp310-manylinux2014_aarch64.manylinux_2_17_aarch64.manylinux_2_28_aarch64.whl", hash = "sha256:6c1b7ed45bf87b214e0a9def9c2313949067efe6269db5ef18d542ee13250af7", size = 3279798, upload-time = "2026-08-11T21:00:03.535Z" },
    { url = "https://files.pythonhosted.org/packages/20/05/5b96afc1407c314347ad006b72bb251fb68ef84d05505ebf8a39bc47fcde/sqlalchemy-2.0.52-cp310-cp310-manylinux2014_x86_64.manylinux_2_17_x86_64.manylinux_2_28_x86_64.whl", hash = "sha256:309cc8ba50fc5d2174189dfcd49cdf7aa711f8346afcff19f2642ae4fc449c14", size = 3277555, upload-time = "2026-08-11T21:05:47.932Z" },
    { url = "https://files.pythonhosted.org/packages/50/69/ce6776724511d1b5dd40477b08d6a5f0953a45375e092dfa852b1857732c/sqlalchemy-2.0.52-cp310-cp310-musllinux_1_2_aarch64.whl", hash = "sha256:2f9eccf8793c8c3f8dd2dfd11b9e400cb27d1d19370ef732b66017e212107822", size = 3231246, upload-time = "2026-08-11T21:00:05.184Z" },
    { url = "https://files.pythonhosted.org/packages/72/19/ab0cb9ccdafa2419c796ae62f8740aedb903f1e93bb326064b1a0147e458/sqlalchemy-2.0.52-cp310-cp310-musllinux_1_2_x86_64.whl", hash = "sha256:9255ceb65a80c1b001129060b63ee776a2e9c288be3b662be36dfbb888fffdcd", size = 3250763, upload-time = "2026-08-11T21:05:49.664Z" },
    { url = "https://files.pythonhosted.org/packages/41/f2/3c9b54b61bec4f493c0007dc9e2700c963c5b32667e21a506f1aca7a8115/sqlalchemy-2.0.52-cp310-cp310-win32.whl", hash = "sha256:2e15b1d1116a64fc399b8c2694a83f3e792fdc58df28514a81e1dc4f8cf22729", size = 2132169, upload-time = "2026-08-11T21:09:48.108Z" },
    { url = "https://files.pythonhosted.org/packages/b3/a1/934bb6cf543a398c72784d1fc777eb530559c16ebe1549fa7611e5989ce9/sqlalchemy-2.0.52-cp310-cp310-win_amd64.whl", hash = "sha256:11560064cc4696e772298b6221ede59e646386d9f2a85d549365473b972f7850", size = 2156289, upload-time = "2026-08-11T21:09:49.429Z" },
    { url = "https://files.pythonhosted.org/packages/b3/3f/3582293d1e185e71d19d7c731c3e2ee20ba21981c4a1115c0806c1f62120/sqlalchemy-2.0.52-py3-none-any.whl", hash = "sha256:3b81b8363a919ce53453591cdb93702e6bd54ade6c4fa2f468fc053baee5ed89", size = 1950700, upload-time = "2026-08-11T20:47:21.603Z" },
]

[[package]]
name = "sqlmodel"
version = "0.0.42"
source = { registry = "https://pypi.org/simple" }
dependencies = [
    { name = "pydantic" },
    { name = "sqlalchemy" },
    { name = "typing-extensions" },
]
sdist = { url = "https://files.pythonhosted.org/packages/ab/50/27188d8cbccabf9968d74d4095765399dbc4f9fcae95e928fda69aa44a21/sqlmodel-0.0.42.tar.gz", hash = "sha256:9ecec2b6aa4c2aa58da39d2572e7bef4373419dcd6ec52973c07de7be2b1c516", size = 91737, upload-time = "2026-08-28T19:42:01.611Z" }
wheels = [
    { url = "https://files.pythonhosted.org/packages/67/37/d7d6b12b9066005c237de3d52b599298a2693ac423bff0e6b97a90b90bf8/sqlmodel-0.0.42-py3-none-any.whl", hash = "sha256:a732dab1a40e5cbd6ac250cf2b12e8d9b1bf1a47edf27c34d612f359e8875c63", size = 29991, upload-time = "2026-08-28T19:42:00.568Z" },
]

[[package]]
name = "truststore"
version = "0.10.4"
source = { registry = "https://pypi.org/simple" }
sdist = { url = "https://files.pythonhosted.org/packages/53/a3/1585216310e344e8102c22482f6060c7a6ea0322b63e026372e6dcefcfd6/truststore-0.10.4.tar.gz", hash = "sha256:9d91bd436463ad5e4ee4aba766628dd6cd7010cf3e2461756b3303710eebc301", size = 26169, upload-time = "2025-08-12T18:49:02.73Z" }
wheels = [
    { url = "https://files.pythonhosted.org/packages/19/97/56608b2249fe206a67cd573bc93cd9896e1efb9e98bce9c163bcdc704b88/truststore-0.10.4-py3-none-any.whl", hash = "sha256:adaeaecf1cbb5f4de3b1959b42d41f6fab57b2b1666adb59e89cb0b53361d981", size = 18660, upload-time = "2025-08-12T18:49:01.46Z" },
]

[[package]]
name = "typing-extensions"
version = "4.16.0"
source = { registry = "https://pypi.org/simple" }
sdist = { url = "https://files.pythonhosted.org/packages/f6/cc/6253133b5bb138fc3306cebfbda2c520f545d36b5be2c7255cc528bb45d6/typing_extensions-4.16.0.tar.gz", hash = "sha256:dc983d19a509c94dba722ee6abd33940f7c05a89e243c47e907eb4db6f1a43e5", size = 113555, upload-time = "2026-07-02T08:40:05.92Z" }
wheels = [
    { url = "https://files.pythonhosted.org/packages/49/d3/b8441a820a491ddfc024b0b0cf0393375b75ea13866d9c66727e54c2fc80/typing_extensions-4.16.0-py3-none-any.whl", hash = "sha256:481caa481374e813c1b176ada14e97f1f67a4539ce9cfeb3f350d78d6370c2e8", size = 45571, upload-time = "2026-07-02T08:40:04.659Z" },
]

[[package]]
name = "typing-inspection"
version = "0.4.4"
source = { registry = "https://pypi.org/simple" }
dependencies = [
    { name = "typing-extensions" },
]
sdist = { url = "https://files.pythonhosted.org/packages/a3/26/b09b8010994eccc3c09092e6b34058f36a460eea2d4c3e8b910c695975a0/typing_inspection-0.4.4.tar.gz", hash = "sha256:547274fa6b0a561ccf549cc9524b999a578e737d015d8709d021f9d0d13bea47", size = 76928, upload-time = "2026-08-12T12:37:25.997Z" }
wheels = [
    { url = "https://files.pythonhosted.org/packages/67/81/4add07e5172b7ac40d8ed5ff580409a7801a4fe26d529bdd915401dabfbe/typing_inspection-0.4.4-py3-none-any.whl", hash = "sha256:65b8397ba37ccbce054456aaccddfc91e6e3083c92824df348d96ca832f3f147", size = 14750, upload-time = "2026-08-12T12:37:24.648Z" },
]
